
Microsoft Visual Studio Solution File, Format Version 12.00
# Visual Studio Version 17
VisualStudioVersion = 17.8.34330.188
MinimumVisualStudioVersion = 10.0.40219.1
Project("{9A19103F-16F7-4668-BE54-9A1E7A4F7556}") = "ReinertProject.Module", "ReinertProject.Module\ReinertProject.Module.csproj", "{C5E2F2BB-FE5A-496C-8640-D1C0952A8061}"
EndProject
Project("{9A19103F-16F7-4668-BE54-9A1E7A4F7556}") = "ReinertProject.Win", "ReinertProject.Win\ReinertProject.Win.csproj", "{BB331EC7-5053-47F0-A12F-C092255AA1EF}"
EndProject
Project("{9A19103F-16F7-4668-BE54-9A1E7A4F7556}") = "ReinertProject.Blazor.Server", "ReinertProject.Blazor.Server\ReinertProject.Blazor.Server.csproj", "{98702F94-4C0C-4F18-890C-E8B2DC42038F}"
EndProject
Global
	GlobalSection(SolutionConfigurationPlatforms) = preSolution
		Debug|Any CPU = Debug|Any CPU
		EasyTest|Any CPU = EasyTest|Any CPU
		Release|Any CPU = Release|Any CPU
	EndGlobalSection
	GlobalSection(ProjectConfigurationPlatforms) = postSolution
		{C5E2F2BB-FE5A-496C-8640-D1C0952A8061}.Debug|Any CPU.ActiveCfg = Debug|Any CPU
		{C5E2F2BB-FE5A-496C-8640-D1C0952A8061}.Debug|Any CPU.Build.0 = Debug|Any CPU
		{C5E2F2BB-FE5A-496C-8640-D1C0952A8061}.EasyTest|Any CPU.ActiveCfg = EasyTest|Any CPU
		{C5E2F2BB-FE5A-496C-8640-D1C0952A8061}.EasyTest|Any CPU.Build.0 = EasyTest|Any CPU
		{C5E2F2BB-FE5A-496C-8640-D1C0952A8061}.Release|Any CPU.ActiveCfg = Release|Any CPU
		{C5E2F2BB-FE5A-496C-8640-D1C0952A8061}.Release|Any CPU.Build.0 = Release|Any CPU
		{BB331EC7-5053-47F0-A12F-C092255AA1EF}.Debug|Any CPU.ActiveCfg = Debug|Any CPU
		{BB331EC7-5053-47F0-A12F-C092255AA1EF}.Debug|Any CPU.Build.0 = Debug|Any CPU
		{BB331EC7-5053-47F0-A12F-C092255AA1EF}.EasyTest|Any CPU.ActiveCfg = EasyTest|Any CPU
		{BB331EC7-5053-47F0-A12F-C092255AA1EF}.EasyTest|Any CPU.Build.0 = EasyTest|Any CPU
		{BB331EC7-5053-47F0-A12F-C092255AA1EF}.Release|Any CPU.ActiveCfg = Release|Any CPU
		{BB331EC7-5053-47F0-A12F-C092255AA1EF}.Release|Any CPU.Build.0 = Release|Any CPU
		{98702F94-4C0C-4F18-890C-E8B2DC42038F}.Debug|Any CPU.ActiveCfg = Debug|Any CPU
		{98702F94-4C0C-4F18-890C-E8B2DC42038F}.Debug|Any CPU.Build.0 = Debug|Any CPU
		{98702F94-4C0C-4F18-890C-E8B2DC42038F}.EasyTest|Any CPU.ActiveCfg = EasyTest|Any CPU
		{98702F94-4C0C-4F18-890C-E8B2DC42038F}.EasyTest|Any CPU.Build.0 = EasyTest|Any CPU
		{98702F94-4C0C-4F18-890C-E8B2DC42038F}.Release|Any CPU.ActiveCfg = Release|Any CPU
		{98702F94-4C0C-4F18-890C-E8B2DC42038F}.Release|Any CPU.Build.0 = Release|Any CPU
	EndGlobalSection
	GlobalSection(SolutionProperties) = preSolution
		HideSolutionNode = FALSE
	EndGlobalSection
EndGlobal
